// !$*UTF8*$!
{
	archiveVersion = 1;
	classes = {
	};
	objectVersion = 48;
	objects = {

/* Begin PBXBuildFile section */
		8FA67D272092FFEB003F5F0D /* AppDelegate.m in Sources */ = {isa = PBXBuildFile; fileRef = 8FA67D262092FFEB003F5F0D /* AppDelegate.m */; };
		8FA67D2A2092FFEB003F5F0D /* ViewController.m in Sources */ = {isa = PBXBuildFile; fileRef = 8FA67D292092FFEB003F5F0D /* ViewController.m */; };
		8FA67D2D2092FFEB003F5F0D /* Main.storyboard in Resources */ = {isa = PBXBuildFile; fileRef = 8FA67D2B2092FFEB003F5F0D /* Main.storyboard */; };
		8FA67D2F2092FFEB003F5F0D /* Assets.xcassets in Resources */ = {isa = PBXBuildFile; fileRef = 8FA67D2E2092FFEB003F5F0D /* Assets.xcassets */; };
		8FA67D322092FFEB003F5F0D /* LaunchScreen.storyboard in Resources */ = {isa = PBXBuildFile; fileRef = 8FA67D302092FFEB003F5F0D /* LaunchScreen.storyboard */; };
		8FA67D352092FFEB003F5F0D /* main.m in Sources */ = {isa = PBXBuildFile; fileRef = 8FA67D342092FFEB003F5F0D /* main.m */; };
		8FA67D3F2092FFEB003F5F0D /* TableViewVCTests.m in Sources */ = {isa = PBXBuildFile; fileRef = 8FA67D3E2092FFEB003F5F0D /* TableViewVCTests.m */; };
		8FA67D4A2092FFEB003F5F0D /* TableViewVCUITests.m in Sources */ = {isa = PBXBuildFile; fileRef = 8FA67D492092FFEB003F5F0D /* TableViewVCUITests.m */; };
/* End PBXBuildFile section */

/* Begin PBXContainerItemProxy section */
		8FA67D3B2092FFEB003F5F0D /* PBXContainerItemProxy */ = {
			isa = PBXContainerItemProxy;
			containerPortal = 8FA67D1A2092FFEB003F5F0D /* Project object */;
			proxyType = 1;
			remoteGlobalIDString = 8FA67D212092FFEB003F5F0D;
			remoteInfo = TableViewVC;
		};
		8FA67D462092FFEB003F5F0D /* PBXContainerItemProxy */ = {
			isa = PBXContainerItemProxy;
			containerPortal = 8FA67D1A2092FFEB003F5F0D /* Project object */;
			proxyType = 1;
			remoteGlobalIDString = 8FA67D212092FFEB003F5F0D;
			remoteInfo = TableViewVC;
		};
/* End PBXContainerItemProxy section */

/* Begin PBXFileReference section */
		8FA67D222092FFEB003F5F0D /* TableViewVC.app */ = {isa = PBXFileReference; explicitFileType = wrapper.application; includeInIndex = 0; path = TableViewVC.app; sourceTree = BUILT_PRODUCTS_DIR; };
		8FA67D252092FFEB003F5F0D /* AppDelegate.h */ = {isa = PBXFileReference; lastKnownFileType = sourcecode.c.h; path = AppDelegate.h; sourceTree = "<group>"; };
		8FA67D262092FFEB003F5F0D /* AppDelegate.m */ = {isa = PBXFileReference; lastKnownFileType = sourcecode.c.objc; path = AppDelegate.m; sourceTree = "<group>"; };
		8FA67D282092FFEB003F5F0D /* ViewController.h */ = {isa = PBXFileReference; lastKnownFileType = sourcecode.c.h; path = ViewController.h; sourceTree = "<group>"; };
		8FA67D292092FFEB003F5F0D /* ViewController.m */ = {isa = PBXFileReference; lastKnownFileType = sourcecode.c.objc; path = ViewController.m; sourceTree = "<group>"; };
		8FA67D2C2092FFEB003F5F0D /* Base */ = {isa = PBXFileReference; lastKnownFileType = file.storyboard; name = Base; path = Base.lproj/Main.storyboard; sourceTree = "<group>"; };
		8FA67D2E2092FFEB003F5F0D /* Assets.xcassets */ = {isa = PBXFileReference; lastKnownFileType = folder.assetcatalog; path = Assets.xcassets; sourceTree = "<group>"; };
		8FA67D312092FFEB003F5F0D /* Base */ = {isa = PBXFileReference; lastKnownFileType = file.storyboard; name = Base; path = Base.lproj/LaunchScreen.storyboard; sourceTree = "<group>"; };
		8FA67D332092FFEB003F5F0D /* Info.plist */ = {isa = PBXFileReference; lastKnownFileType = text.plist.xml; path = Info.plist; sourceTree = "<group>"; };
		8FA67D342092FFEB003F5F0D /* main.m */ = {isa = PBXFileReference; lastKnownFileType = sourcecode.c.objc; path = main.m; sourceTree = "<group>"; };
		8FA67D3A2092FFEB003F5F0D /* TableViewVCTests.xctest */ = {isa = PBXFileReference; explicitFileType = wrapper.cfbundle; includeInIndex = 0; path = TableViewVCTests.xctest; sourceTree = BUILT_PRODUCTS_DIR; };
		8FA67D3E2092FFEB003F5F0D /* TableViewVCTests.m */ = {isa = PBXFileReference; lastKnownFileType = sourcecode.c.objc; path = TableViewVCTests.m; sourceTree = "<group>"; };
		8FA67D402092FFEB003F5F0D /* Info.plist */ = {isa = PBXFileReference; lastKnownFileType = text.plist.xml; path = Info.plist; sourceTree = "<group>"; };
		8FA67D452092FFEB003F5F0D /* TableViewVCUITests.xctest */ = {isa = PBXFileReference; explicitFileType = wrapper.cfbundle; includeInIndex = 0; path = TableViewVCUITests.xctest; sourceTree = BUILT_PRODUCTS_DIR; };
		8FA67D492092FFEB003F5F0D /* TableViewVCUITests.m */ = {isa = PBXFileReference; lastKnownFileType = sourcecode.c.objc; path = TableViewVCUITests.m; sourceTree = "<group>"; };
		8FA67D4B2092FFEB003F5F0D /* Info.plist */ = {isa = PBXFileReference; lastKnownFileType = text.plist.xml; path = Info.plist; sourceTree = "<group>"; };
/* End PBXFileReference section */

/* Begin PBXFrameworksBuildPhase section */
		8FA67D1F2092FFEB003F5F0D /* Frameworks */ = {
			isa = PBXFrameworksBuildPhase;
			buildActionMask = 2147483647;
			files = (
			);
			runOnlyForDeploymentPostprocessing = 0;
		};
		8FA67D372092FFEB003F5F0D /* Frameworks */ = {
			isa = PBXFrameworksBuildPhase;
			buildActionMask = 2147483647;
			files = (
			);
			runOnlyForDeploymentPostprocessing = 0;
		};
		8FA67D422092FFEB003F5F0D /* Frameworks */ = {
			isa = PBXFrameworksBuildPhase;
			buildActionMask = 2147483647;
			files = (
			);
			runOnlyForDeploymentPostprocessing = 0;
		};
/* End PBXFrameworksBuildPhase section */

/* Begin PBXGroup section */
		8FA67D192092FFEB003F5F0D = {
			isa = PBXGroup;
			children = (
				8FA67D242092FFEB003F5F0D /* TableViewVC */,
				8FA67D3D2092FFEB003F5F0D /* TableViewVCTests */,
				8FA67D482092FFEB003F5F0D /* TableViewVCUITests */,
				8FA67D232092FFEB003F5F0D /* Products */,
			);
			sourceTree = "<group>";
		};
		8FA67D232092FFEB003F5F0D /* Products */ = {
			isa = PBXGroup;
			children = (
				8FA67D222092FFEB003F5F0D /* TableViewVC.app */,
				8FA67D3A2092FFEB003F5F0D /* TableViewVCTests.xctest */,
				8FA67D452092FFEB003F5F0D /* TableViewVCUITests.xctest */,
			);
			name = Products;
			sourceTree = "<group>";
		};
		8FA67D242092FFEB003F5F0D /* TableViewVC */ = {
			isa = PBXGroup;
			children = (
				8FA67D252092FFEB003F5F0D /* AppDelegate.h */,
				8FA67D262092FFEB003F5F0D /* AppDelegate.m */,
				8FA67D282092FFEB003F5F0D /* ViewController.h */,
				8FA67D292092FFEB003F5F0D /* ViewController.m */,
				8FA67D2B2092FFEB003F5F0D /* Main.storyboard */,
				8FA67D2E2092FFEB003F5F0D /* Assets.xcassets */,
				8FA67D302092FFEB003F5F0D /* LaunchScreen.storyboard */,
				8FA67D332092FFEB003F5F0D /* Info.plist */,
				8FA67D342092FFEB003F5F0D /* main.m */,
			);
			path = TableViewVC;
			sourceTree = "<group>";
		};
		8FA67D3D2092FFEB003F5F0D /* TableViewVCTests */ = {
			isa = PBXGroup;
			children = (
				8FA67D3E2092FFEB003F5F0D /* TableViewVCTests.m */,
				8FA67D402092FFEB003F5F0D /* Info.plist */,
			);
			path = TableViewVCTests;
			sourceTree = "<group>";
		};
		8FA67D482092FFEB003F5F0D /* TableViewVCUITests */ = {
			isa = PBXGroup;
			children = (
				8FA67D492092FFEB003F5F0D /* TableViewVCUITests.m */,
				8FA67D4B2092FFEB003F5F0D /* Info.plist */,
			);
			path = TableViewVCUITests;
			sourceTree = "<group>";
		};
/* End PBXGroup section */

/* Begin PBXNativeTarget section */
		8FA67D212092FFEB003F5F0D /* TableViewVC */ = {
			isa = PBXNativeTarget;
			buildConfigurationList = 8FA67D4E2092FFEB003F5F0D /* Build configuration list for PBXNativeTarget "TableViewVC" */;
			buildPhases = (
				8FA67D1E2092FFEB003F5F0D /* Sources */,
				8FA67D1F2092FFEB003F5F0D /* Frameworks */,
				8FA67D202092FFEB003F5F0D /* Resources */,
			);
			buildRules = (
			);
			dependencies = (
			);
			name = TableViewVC;
			productName = TableViewVC;
			productReference = 8FA67D222092FFEB003F5F0D /* TableViewVC.app */;
			productType = "com.apple.product-type.application";
		};
		8FA67D392092FFEB003F5F0D /* TableViewVCTests */ = {
			isa = PBXNativeTarget;
			buildConfigurationList = 8FA67D512092FFEB003F5F0D /* Build configuration list for PBXNativeTarget "TableViewVCTests" */;
			buildPhases = (
				8FA67D362092FFEB003F5F0D /* Sources */,
				8FA67D372092FFEB003F5F0D /* Frameworks */,
				8FA67D382092FFEB003F5F0D /* Resources */,
			);
			buildRules = (
			);
			dependencies = (
				8FA67D3C2092FFEB003F5F0D /* PBXTargetDependency */,
			);
			name = TableViewVCTests;
			productName = TableViewVCTests;
			productReference = 8FA67D3A2092FFEB003F5F0D /* TableViewVCTests.xctest */;
			productType = "com.apple.product-type.bundle.unit-test";
		};
		8FA67D442092FFEB003F5F0D /* TableViewVCUITests */ = {
			isa = PBXNativeTarget;
			buildConfigurationList = 8FA67D542092FFEB003F5F0D /* Build configuration list for PBXNativeTarget "TableViewVCUITests" */;
			buildPhases = (
				8FA67D412092FFEB003F5F0D /* Sources */,
				8FA67D422092FFEB003F5F0D /* Frameworks */,
				8FA67D432092FFEB003F5F0D /* Resources */,
			);
			buildRules = (
			);
			dependencies = (
				8FA67D472092FFEB003F5F0D /* PBXTargetDependency */,
			);
			name = TableViewVCUITests;
			productName = TableViewVCUITests;
			productReference = 8FA67D452092FFEB003F5F0D /* TableViewVCUITests.xctest */;
			productType = "com.apple.product-type.bundle.ui-testing";
		};
/* End PBXNativeTarget section */

/* Begin PBXProject section */
		8FA67D1A2092FFEB003F5F0D /* Project object */ = {
			isa = PBXProject;
			attributes = {
				LastUpgradeCheck = 0920;
				ORGANIZATIONNAME = Chan;
				TargetAttributes = {
					8FA67D212092FFEB003F5F0D = {
						CreatedOnToolsVersion = 9.2;
						ProvisioningStyle = Automatic;
					};
					8FA67D392092FFEB003F5F0D = {
						CreatedOnToolsVersion = 9.2;
						ProvisioningStyle = Automatic;
						TestTargetID = 8FA67D212092FFEB003F5F0D;
					};
					8FA67D442092FFEB003F5F0D = {
						CreatedOnToolsVersion = 9.2;
						ProvisioningStyle = Automatic;
						TestTargetID = 8FA67D212092FFEB003F5F0D;
					};
				};
			};
			buildConfigurationList = 8FA67D1D2092FFEB003F5F0D /* Build configuration list for PBXProject "TableViewVC" */;
			compatibilityVersion = "Xcode 8.0";
			developmentRegion = en;
			hasScannedForEncodings = 0;
			knownRegions = (
				en,
				Base,
			);
			mainGroup = 8FA67D192092FFEB003F5F0D;
			productRefGroup = 8FA67D232092FFEB003F5F0D /* Products */;
			projectDirPath = "";
			projectRoot = "";
			targets = (
				8FA67D212092FFEB003F5F0D /* TableViewVC */,
				8FA67D392092FFEB003F5F0D /* TableViewVCTests */,
				8FA67D442092FFEB003F5F0D /* TableViewVCUITests */,
			);
		};
/* End PBXProject section */

/* Begin PBXResourcesBuildPhase section */
		8FA67D202092FFEB003F5F0D /* Resources */ = {
			isa = PBXResourcesBuildPhase;
			buildActionMask = 2147483647;
			files = (
				8FA67D322092FFEB003F5F0D /* LaunchScreen.storyboard in Resources */,
				8FA67D2F2092FFEB003F5F0D /* Assets.xcassets in Resources */,
				8FA67D2D2092FFEB003F5F0D /* Main.storyboard in Resources */,
			);
			runOnlyForDeploymentPostprocessing = 0;
		};
		8FA67D382092FFEB003F5F0D /* Resources */ = {
			isa = PBXResourcesBuildPhase;
			buildActionMask = 2147483647;
			files = (
			);
			runOnlyForDeploymentPostprocessing = 0;
		};
		8FA67D432092FFEB003F5F0D /* Resources */ = {
			isa = PBXResourcesBuildPhase;
			buildActionMask = 2147483647;
			files = (
			);
			runOnlyForDeploymentPostprocessing = 0;
		};
/* End PBXResourcesBuildPhase section */

/* Begin PBXSourcesBuildPhase section */
		8FA67D1E2092FFEB003F5F0D /* Sources */ = {
			isa = PBXSourcesBuildPhase;
			buildActionMask = 2147483647;
			files = (
				8FA67D2A2092FFEB003F5F0D /* ViewController.m in Sources */,
				8FA67D352092FFEB003F5F0D /* main.m in Sources */,
				8FA67D272092FFEB003F5F0D /* AppDelegate.m in Sources */,
			);
			runOnlyForDeploymentPostprocessing = 0;
		};
		8FA67D362092FFEB003F5F0D /* Sources */ = {
			isa = PBXSourcesBuildPhase;
			buildActionMask = 2147483647;
			files = (
				8FA67D3F2092FFEB003F5F0D /* TableViewVCTests.m in Sources */,
			);
			runOnlyForDeploymentPostprocessing = 0;
		};
		8FA67D412092FFEB003F5F0D /* Sources */ = {
			isa = PBXSourcesBuildPhase;
			buildActionMask = 2147483647;
			files = (
				8FA67D4A2092FFEB003F5F0D /* TableViewVCUITests.m in Sources */,
			);
			runOnlyForDeploymentPostprocessing = 0;
		};
/* End PBXSourcesBuildPhase section */

/* Begin PBXTargetDependency section */
		8FA67D3C2092FFEB003F5F0D /* PBXTargetDependency */ = {
			isa = PBXTargetDependency;
			target = 8FA67D212092FFEB003F5F0D /* TableViewVC */;
			targetProxy = 8FA67D3B2092FFEB003F5F0D /* PBXContainerItemProxy */;
		};
		8FA67D472092FFEB003F5F0D /* PBXTargetDependency */ = {
			isa = PBXTargetDependency;
			target = 8FA67D212092FFEB003F5F0D /* TableViewVC */;
			targetProxy = 8FA67D462092FFEB003F5F0D /* PBXContainerItemProxy */;
		};
/* End PBXTargetDependency section */

/* Begin PBXVariantGroup section */
		8FA67D2B2092FFEB003F5F0D /* Main.storyboard */ = {
			isa = PBXVariantGroup;
			children = (
				8FA67D2C2092FFEB003F5F0D /* Base */,
			);
			name = Main.storyboard;
			sourceTree = "<group>";
		};
		8FA67D302092FFEB003F5F0D /* LaunchScreen.storyboard */ = {
			isa = PBXVariantGroup;
			children = (
				8FA67D312092FFEB003F5F0D /* Base */,
			);
			name = LaunchScreen.storyboard;
			sourceTree = "<group>";
		};
/* End PBXVariantGroup section */

/* Begin XCBuildConfiguration section */
		8FA67D4C2092FFEB003F5F0D /* Debug */ = {
			isa = XCBuildConfiguration;
			buildSettings = {
				ALWAYS_SEARCH_USER_PATHS = NO;
				CLANG_ANALYZER_NONNULL = YES;
				CLANG_ANALYZER_NUMBER_OBJECT_CONVERSION = YES_AGGRESSIVE;
				CLANG_CXX_LANGUAGE_STANDARD = "gnu++14";
				CLANG_CXX_LIBRARY = "libc++";
				CLANG_ENABLE_MODULES = YES;
				CLANG_ENABLE_OBJC_ARC = YES;
				CLANG_WARN_BLOCK_CAPTURE_AUTORELEASING = YES;
				CLANG_WARN_BOOL_CONVERSION = YES;
				CLANG_WARN_COMMA = YES;
				CLANG_WARN_CONSTANT_CONVERSION = YES;
				CLANG_WARN_DIRECT_OBJC_ISA_USAGE = YES_ERROR;
				CLANG_WARN_DOCUMENTATION_COMMENTS = YES;
				CLANG_WARN_EMPTY_BODY = YES;
				CLANG_WARN_ENUM_CONVERSION = YES;
				CLANG_WARN_INFINITE_RECURSION = YES;
				CLANG_WARN_INT_CONVERSION = YES;
				CLANG_WARN_NON_LITERAL_NULL_CONVERSION = YES;
				CLANG_WARN_OBJC_LITERAL_CONVERSION = YES;
				CLANG_WARN_OBJC_ROOT_CLASS = YES_ERROR;
				CLANG_WARN_RANGE_LOOP_ANALYSIS = YES;
				CLANG_WARN_STRICT_PROTOTYPES = YES;
				CLANG_WARN_SUSPICIOUS_MOVE = YES;
				CLANG_WARN_UNGUARDED_AVAILABILITY = YES_AGGRESSIVE;
				CLANG_WARN_UNREACHABLE_CODE = YES;
				CLANG_WARN__DUPLICATE_METHOD_MATCH = YES;
				CODE_SIGN_IDENTITY = "iPhone Developer";
				COPY_PHASE_STRIP = NO;
				DEBUG_INFORMATION_FORMAT = dwarf;
				ENABLE_STRICT_OBJC_MSGSEND = YES;
				ENABLE_TESTABILITY = YES;
				GCC_C_LANGUAGE_STANDARD = gnu11;
				GCC_DYNAMIC_NO_PIC = NO;
				GCC_NO_COMMON_BLOCKS = YES;
				GCC_OPTIMIZATION_LEVEL = 0;
				GCC_PREPROCESSOR_DEFINITIONS = (
					"DEBUG=1",
					"$(inherited)",
				);
				GCC_WARN_64_TO_32_BIT_CONVERSION = YES;
				GCC_WARN_ABOUT_RETURN_TYPE = YES_ERROR;
				GCC_WARN_UNDECLARED_SELECTOR = YES;
				GCC_WARN_UNINITIALIZED_AUTOS = YES_AGGRESSIVE;
				GCC_WARN_UNUSED_FUNCTION = YES;
				GCC_WARN_UNUSED_VARIABLE = YES;
				IPHONEOS_DEPLOYMENT_TARGET = 11.2;
				MTL_ENABLE_DEBUG_INFO = YES;
				ONLY_ACTIVE_ARCH = YES;
				SDKROOT = iphoneos;
			};
			name = Debug;
		};
		8FA67D4D2092FFEB003F5F0D /* Release */ = {
			isa = XCBuildConfiguration;
			buildSettings = {
				ALWAYS_SEARCH_USER_PATHS = NO;
				CLANG_ANALYZER_NONNULL = YES;
				CLANG_ANALYZER_NUMBER_OBJECT_CONVERSION = YES_AGGRESSIVE;
				CLANG_CXX_LANGUAGE_STANDARD = "gnu++14";
				CLANG_CXX_LIBRARY = "libc++";
				CLANG_ENABLE_MODULES = YES;
				CLANG_ENABLE_OBJC_ARC = YES;
				CLANG_WARN_BLOCK_CAPTURE_AUTORELEASING = YES;
				CLANG_WARN_BOOL_CONVERSION = YES;
				CLANG_WARN_COMMA = YES;
				CLANG_WARN_CONSTANT_CONVERSION = YES;
				CLANG_WARN_DIRECT_OBJC_ISA_USAGE = YES_ERROR;
				CLANG_WARN_DOCUMENTATION_COMMENTS = YES;
				CLANG_WARN_EMPTY_BODY = YES;
				CLANG_WARN_ENUM_CONVERSION = YES;
				CLANG_WARN_INFINITE_RECURSION = YES;
				CLANG_WARN_INT_CONVERSION = YES;
				CLANG_WARN_NON_LITERAL_NULL_CONVERSION = YES;
				CLANG_WARN_OBJC_LITERAL_CONVERSION = YES;
				CLANG_WARN_OBJC_ROOT_CLASS = YES_ERROR;
				CLANG_WARN_RANGE_LOOP_ANALYSIS = YES;
				CLANG_WARN_STRICT_PROTOTYPES = YES;
				CLANG_WARN_SUSPICIOUS_MOVE = YES;
				CLANG_WARN_UNGUARDED_AVAILABILITY = YES_AGGRESSIVE;
				CLANG_WARN_UNREACHABLE_CODE = YES;
				CLANG_WARN__DUPLICATE_METHOD_MATCH = YES;
				CODE_SIGN_IDENTITY = "iPhone Developer";
				COPY_PHASE_STRIP = NO;
				DEBUG_INFORMATION_FORMAT = "dwarf-with-dsym";
				ENABLE_NS_ASSERTIONS = NO;
				ENABLE_STRICT_OBJC_MSGSEND = YES;
				GCC_C_LANGUAGE_STANDARD = gnu11;
				GCC_NO_COMMON_BLOCKS = YES;
				GCC_WARN_64_TO_32_BIT_CONVERSION = YES;
				GCC_WARN_ABOUT_RETURN_TYPE = YES_ERROR;
				GCC_WARN_UNDECLARED_SELECTOR = YES;
				GCC_WARN_UNINITIALIZED_AUTOS = YES_AGGRESSIVE;
				GCC_WARN_UNUSED_FUNCTION = YES;
				GCC_WARN_UNUSED_VARIABLE = YES;
				IPHONEOS_DEPLOYMENT_TARGET = 11.2;
				MTL_ENABLE_DEBUG_INFO = NO;
				SDKROOT = iphoneos;
				VALIDATE_PRODUCT = YES;
			};
			name = Release;
		};
		8FA67D4F2092FFEB003F5F0D /* Debug */ = {
			isa = XCBuildConfiguration;
			buildSettings = {
				ASSETCATALOG_COMPILER_APPICON_NAME = AppIcon;
				CODE_SIGN_STYLE = Automatic;
				DEVELOPMENT_TEAM = V3WGXX8M8S;
				INFOPLIST_FILE = TableViewVC/Info.plist;
				LD_RUNPATH_SEARCH_PATHS = "$(inherited) @executable_path/Frameworks";
				PRODUCT_BUNDLE_IDENTIFIER = com.qianft.TableViewVC;
				PRODUCT_NAME = "$(TARGET_NAME)";
				TARGETED_DEVICE_FAMILY = "1,2";
			};
			name = Debug;
		};
		8FA67D502092FFEB003F5F0D /* Release */ = {
			isa = XCBuildConfiguration;
			buildSettings = {
				ASSETCATALOG_COMPILER_APPICON_NAME = AppIcon;
				CODE_SIGN_STYLE = Automatic;
				DEVELOPMENT_TEAM = V3WGXX8M8S;
				INFOPLIST_FILE = TableViewVC/Info.plist;
				LD_RUNPATH_SEARCH_PATHS = "$(inherited) @executable_path/Frameworks";
				PRODUCT_BUNDLE_IDENTIFIER = com.qianft.TableViewVC;
				PRODUCT_NAME = "$(TARGET_NAME)";
				TARGETED_DEVICE_FAMILY = "1,2";
			};
			name = Release;
		};
		8FA67D522092FFEB003F5F0D /* Debug */ = {
			isa = XCBuildConfiguration;
			buildSettings = {
				BUNDLE_LOADER = "$(TEST_HOST)";
				CODE_SIGN_STYLE = Automatic;
				DEVELOPMENT_TEAM = V3WGXX8M8S;
				INFOPLIST_FILE = TableViewVCTests/Info.plist;
				LD_RUNPATH_SEARCH_PATHS = "$(inherited) @executable_path/Frameworks @loader_path/Frameworks";
				PRODUCT_BUNDLE_IDENTIFIER = com.qianft.TableViewVCTests;
				PRODUCT_NAME = "$(TARGET_NAME)";
				TARGETED_DEVICE_FAMILY = "1,2";
				TEST_HOST = "$(BUILT_PRODUCTS_DIR)/TableViewVC.app/TableViewVC";
			};
			name = Debug;
		};
		8FA67D532092FFEB003F5F0D /* Release */ = {
			isa = XCBuildConfiguration;
			buildSettings = {
				BUNDLE_LOADER = "$(TEST_HOST)";
				CODE_SIGN_STYLE = Automatic;
				DEVELOPMENT_TEAM = V3WGXX8M8S;
				INFOPLIST_FILE = TableViewVCTests/Info.plist;
				LD_RUNPATH_SEARCH_PATHS = "$(inherited) @executable_path/Frameworks @loader_path/Frameworks";
				PRODUCT_BUNDLE_IDENTIFIER = com.qianft.TableViewVCTests;
				PRODUCT_NAME = "$(TARGET_NAME)";
				TARGETED_DEVICE_FAMILY = "1,2";
				TEST_HOST = "$(BUILT_PRODUCTS_DIR)/TableViewVC.app/TableViewVC";
			};
			name = Release;
		};
		8FA67D552092FFEB003F5F0D /* Debug */ = {
			isa = XCBuildConfiguration;
			buildSettings = {
				CODE_SIGN_STYLE = Automatic;
				DEVELOPMENT_TEAM = V3WGXX8M8S;
				INFOPLIST_FILE = TableViewVCUITests/Info.plist;
				LD_RUNPATH_SEARCH_PATHS = "$(inherited) @executable_path/Frameworks @loader_path/Frameworks";
				PRODUCT_BUNDLE_IDENTIFIER = com.qianft.TableViewVCUITests;
				PRODUCT_NAME = "$(TARGET_NAME)";
				TARGETED_DEVICE_FAMILY = "1,2";
				TEST_TARGET_NAME = TableViewVC;
			};
			name = Debug;
		};
		8FA67D562092FFEB003F5F0D /* Release */ = {
			isa = XCBuildConfiguration;
			buildSettings = {
				CODE_SIGN_STYLE = Automatic;
				DEVELOPMENT_TEAM = V3WGXX8M8S;
				INFOPLIST_FILE = TableViewVCUITests/Info.plist;
				LD_RUNPATH_SEARCH_PATHS = "$(inherited) @executable_path/Frameworks @loader_path/Frameworks";
				PRODUCT_BUNDLE_IDENTIFIER = com.qianft.TableViewVCUITests;
				PRODUCT_NAME = "$(TARGET_NAME)";
				TARGETED_DEVICE_FAMILY = "1,2";
				TEST_TARGET_NAME = TableViewVC;
			};
			name = Release;
		};
/* End XCBuildConfiguration section */

/* Begin XCConfigurationList section */
		8FA67D1D2092FFEB003F5F0D /* Build configuration list for PBXProject "TableViewVC" */ = {
			isa = XCConfigurationList;
			buildConfigurations = (
				8FA67D4C2092FFEB003F5F0D /* Debug */,
				8FA67D4D2092FFEB003F5F0D /* Release */,
			);
			defaultConfigurationIsVisible = 0;
			defaultConfigurationName = Release;
		};
		8FA67D4E2092FFEB003F5F0D /* Build configuration list for PBXNativeTarget "TableViewVC" */ = {
			isa = XCConfigurationList;
			buildConfigurations = (
				8FA67D4F2092FFEB003F5F0D /* Debug */,
				8FA67D502092FFEB003F5F0D /* Release */,
			);
			defaultConfigurationIsVisible = 0;
			defaultConfigurationName = Release;
		};
		8FA67D512092FFEB003F5F0D /* Build configuration list for PBXNativeTarget "TableViewVCTests" */ = {
			isa = XCConfigurationList;
			buildConfigurations = (
				8FA67D522092FFEB003F5F0D /* Debug */,
				8FA67D532092FFEB003F5F0D /* Release */,
			);
			defaultConfigurationIsVisible = 0;
			defaultConfigurationName = Release;
		};
		8FA67D542092FFEB003F5F0D /* Build configuration list for PBXNativeTarget "TableViewVCUITests" */ = {
			isa = XCConfigurationList;
			buildConfigurations = (
				8FA67D552092FFEB003F5F0D /* Debug */,
				8FA67D562092FFEB003F5F0D /* Release */,
			);
			defaultConfigurationIsVisible = 0;
			defaultConfigurationName = Release;
		};
/* End XCConfigurationList section */
	};
	rootObject = 8FA67D1A2092FFEB003F5F0D /* Project object */;
}
